// !$*UTF8*$!
{
	archiveVersion = 1;
	classes = {
	};
	objectVersion = 46;
	objects = {

/* Begin PBXBuildFile section */
		BBCCD9B11ED2911300CEFDB1 /* NSUbiquitousKeyValueStore.swift in Sources */ = {isa = PBXBuildFile; fileRef = BBCCD9B01ED2911300CEFDB1 /* NSUbiquitousKeyValueStore.swift */; };
		BBE9A9F51ECE92320058FB8D /* NSValueConvertable.swift in Sources */ = {isa = PBXBuildFile; fileRef = BBE9A9F41ECE92320058FB8D /* NSValueConvertable.swift */; };
		BBE9A9F71ECE927C0058FB8D /* UINibGettable.swift in Sources */ = {isa = PBXBuildFile; fileRef = BBE9A9F61ECE927C0058FB8D /* UINibGettable.swift */; };
		OBJ_29 /* AssociatedObject.swift in Sources */ = {isa = PBXBuildFile; fileRef = OBJ_9 /* AssociatedObject.swift */; };
		OBJ_30 /* NSStoryboard.swift in Sources */ = {isa = PBXBuildFile; fileRef = OBJ_10 /* NSStoryboard.swift */; };
		OBJ_31 /* UICollectionView.swift in Sources */ = {isa = PBXBuildFile; fileRef = OBJ_11 /* UICollectionView.swift */; };
		OBJ_32 /* UIStoryboard.swift in Sources */ = {isa = PBXBuildFile; fileRef = OBJ_12 /* UIStoryboard.swift */; };
		OBJ_33 /* UITableView.swift in Sources */ = {isa = PBXBuildFile; fileRef = OBJ_13 /* UITableView.swift */; };
		OBJ_34 /* UserDefaultes.swift in Sources */ = {isa = PBXBuildFile; fileRef = OBJ_14 /* UserDefaultes.swift */; };
		OBJ_35 /* StaticKey.swift in Sources */ = {isa = PBXBuildFile; fileRef = OBJ_15 /* StaticKey.swift */; };
		OBJ_42 /* AssociatedObjectTests.swift in Sources */ = {isa = PBXBuildFile; fileRef = OBJ_18 /* AssociatedObjectTests.swift */; };
		OBJ_43 /* UserDefaultesTests.swift in Sources */ = {isa = PBXBuildFile; fileRef = OBJ_19 /* UserDefaultesTests.swift */; };
		OBJ_45 /* GenericID.framework in Frameworks */ = {isa = PBXBuildFile; fileRef = OBJ_22 /* GenericID.framework */; };
/* End PBXBuildFile section */

/* Begin PBXContainerItemProxy section */
		BBE557951EC0287000F1EC31 /* PBXContainerItemProxy */ = {
			isa = PBXContainerItemProxy;
			containerPortal = OBJ_1 /* Project object */;
			proxyType = 1;
			remoteGlobalIDString = OBJ_24;
			remoteInfo = GenericID;
		};
/* End PBXContainerItemProxy section */

/* Begin PBXFileReference section */
		BBCCD9B01ED2911300CEFDB1 /* NSUbiquitousKeyValueStore.swift */ = {isa = PBXFileReference; fileEncoding = 4; lastKnownFileType = sourcecode.swift; path = NSUbiquitousKeyValueStore.swift; sourceTree = "<group>"; };
		BBE9A9F41ECE92320058FB8D /* NSValueConvertable.swift */ = {isa = PBXFileReference; fileEncoding = 4; lastKnownFileType = sourcecode.swift; path = NSValueConvertable.swift; sourceTree = "<group>"; };
		BBE9A9F61ECE927C0058FB8D /* UINibGettable.swift */ = {isa = PBXFileReference; fileEncoding = 4; lastKnownFileType = sourcecode.swift; path = UINibGettable.swift; sourceTree = "<group>"; };
		OBJ_10 /* NSStoryboard.swift */ = {isa = PBXFileReference; lastKnownFileType = sourcecode.swift; path = NSStoryboard.swift; sourceTree = "<group>"; };
		OBJ_11 /* UICollectionView.swift */ = {isa = PBXFileReference; lastKnownFileType = sourcecode.swift; path = UICollectionView.swift; sourceTree = "<group>"; };
		OBJ_12 /* UIStoryboard.swift */ = {isa = PBXFileReference; lastKnownFileType = sourcecode.swift; path = UIStoryboard.swift; sourceTree = "<group>"; };
		OBJ_13 /* UITableView.swift */ = {isa = PBXFileReference; lastKnownFileType = sourcecode.swift; path = UITableView.swift; sourceTree = "<group>"; };
		OBJ_14 /* UserDefaultes.swift */ = {isa = PBXFileReference; lastKnownFileType = sourcecode.swift; path = UserDefaultes.swift; sourceTree = "<group>"; };
		OBJ_15 /* StaticKey.swift */ = {isa = PBXFileReference; lastKnownFileType = sourcecode.swift; path = StaticKey.swift; sourceTree = "<group>"; };
		OBJ_18 /* AssociatedObjectTests.swift */ = {isa = PBXFileReference; lastKnownFileType = sourcecode.swift; path = AssociatedObjectTests.swift; sourceTree = "<group>"; };
		OBJ_19 /* UserDefaultesTests.swift */ = {isa = PBXFileReference; lastKnownFileType = sourcecode.swift; path = UserDefaultesTests.swift; sourceTree = "<group>"; };
		OBJ_22 /* GenericID.framework */ = {isa = PBXFileReference; explicitFileType = wrapper.framework; path = GenericID.framework; sourceTree = BUILT_PRODUCTS_DIR; };
		OBJ_23 /* GenericIDTests.xctest */ = {isa = PBXFileReference; lastKnownFileType = file; path = GenericIDTests.xctest; sourceTree = BUILT_PRODUCTS_DIR; };
		OBJ_6 /* Package.swift */ = {isa = PBXFileReference; explicitFileType = sourcecode.swift; path = Package.swift; sourceTree = "<group>"; };
		OBJ_9 /* AssociatedObject.swift */ = {isa = PBXFileReference; lastKnownFileType = sourcecode.swift; path = AssociatedObject.swift; sourceTree = "<group>"; };
/* End PBXFileReference section */

/* Begin PBXFrameworksBuildPhase section */
		OBJ_36 /* Frameworks */ = {
			isa = PBXFrameworksBuildPhase;
			buildActionMask = 0;
			files = (
			);
			runOnlyForDeploymentPostprocessing = 0;
		};
		OBJ_44 /* Frameworks */ = {
			isa = PBXFrameworksBuildPhase;
			buildActionMask = 0;
			files = (
				OBJ_45 /* GenericID.framework in Frameworks */,
			);
			runOnlyForDeploymentPostprocessing = 0;
		};
/* End PBXFrameworksBuildPhase section */

/* Begin PBXGroup section */
		OBJ_16 /* Tests */ = {
			isa = PBXGroup;
			children = (
				OBJ_17 /* GenericIDTests */,
			);
			name = Tests;
			sourceTree = SOURCE_ROOT;
		};
		OBJ_17 /* GenericIDTests */ = {
			isa = PBXGroup;
			children = (
				OBJ_18 /* AssociatedObjectTests.swift */,
				OBJ_19 /* UserDefaultesTests.swift */,
			);
			name = GenericIDTests;
			path = Tests/GenericIDTests;
			sourceTree = SOURCE_ROOT;
		};
		OBJ_21 /* Products */ = {
			isa = PBXGroup;
			children = (
				OBJ_22 /* GenericID.framework */,
				OBJ_23 /* GenericIDTests.xctest */,
			);
			name = Products;
			sourceTree = BUILT_PRODUCTS_DIR;
		};
		OBJ_5 = {
			isa = PBXGroup;
			children = (
				OBJ_6 /* Package.swift */,
				OBJ_7 /* Sources */,
				OBJ_16 /* Tests */,
				OBJ_21 /* Products */,
			);
			sourceTree = "<group>";
		};
		OBJ_7 /* Sources */ = {
			isa = PBXGroup;
			children = (
				OBJ_8 /* GenericID */,
			);
			name = Sources;
			sourceTree = SOURCE_ROOT;
		};
		OBJ_8 /* GenericID */ = {
			isa = PBXGroup;
			children = (
				BBE9A9F41ECE92320058FB8D /* NSValueConvertable.swift */,
				BBE9A9F61ECE927C0058FB8D /* UINibGettable.swift */,
				OBJ_15 /* StaticKey.swift */,
				OBJ_9 /* AssociatedObject.swift */,
				OBJ_14 /* UserDefaultes.swift */,
				BBCCD9B01ED2911300CEFDB1 /* NSUbiquitousKeyValueStore.swift */,
				OBJ_13 /* UITableView.swift */,
				OBJ_11 /* UICollectionView.swift */,
				OBJ_12 /* UIStoryboard.swift */,
				OBJ_10 /* NSStoryboard.swift */,
			);
			name = GenericID;
			path = Sources/GenericID;
			sourceTree = SOURCE_ROOT;
		};
/* End PBXGroup section */

/* Begin PBXNativeTarget section */
		OBJ_24 /* GenericID */ = {
			isa = PBXNativeTarget;
			buildConfigurationList = OBJ_25 /* Build configuration list for PBXNativeTarget "GenericID" */;
			buildPhases = (
				OBJ_28 /* Sources */,
				OBJ_36 /* Frameworks */,
			);
			buildRules = (
			);
			dependencies = (
			);
			name = GenericID;
			productName = GenericID;
			productReference = OBJ_22 /* GenericID.framework */;
			productType = "com.apple.product-type.framework";
		};
		OBJ_37 /* GenericIDTests */ = {
			isa = PBXNativeTarget;
			buildConfigurationList = OBJ_38 /* Build configuration list for PBXNativeTarget "GenericIDTests" */;
			buildPhases = (
				OBJ_41 /* Sources */,
				OBJ_44 /* Frameworks */,
			);
			buildRules = (
			);
			dependencies = (
				OBJ_46 /* PBXTargetDependency */,
			);
			name = GenericIDTests;
			productName = GenericIDTests;
			productReference = OBJ_23 /* GenericIDTests.xctest */;
			productType = "com.apple.product-type.bundle.unit-test";
		};
/* End PBXNativeTarget section */

/* Begin PBXProject section */
		OBJ_1 /* Project object */ = {
			isa = PBXProject;
			attributes = {
				LastUpgradeCheck = 9999;
			};
			buildConfigurationList = OBJ_2 /* Build configuration list for PBXProject "GenericID" */;
			compatibilityVersion = "Xcode 3.2";
			developmentRegion = English;
			hasScannedForEncodings = 0;
			knownRegions = (
				en,
			);
			mainGroup = OBJ_5;
			productRefGroup = OBJ_21 /* Products */;
			projectDirPath = "";
			projectRoot = "";
			targets = (
				OBJ_24 /* GenericID */,
				OBJ_37 /* GenericIDTests */,
			);
		};
/* End PBXProject section */

/* Begin PBXSourcesBuildPhase section */
		OBJ_28 /* Sources */ = {
			isa = PBXSourcesBuildPhase;
			buildActionMask = 0;
			files = (
				OBJ_29 /* AssociatedObject.swift in Sources */,
				OBJ_30 /* NSStoryboard.swift in Sources */,
				BBCCD9B11ED2911300CEFDB1 /* NSUbiquitousKeyValueStore.swift in Sources */,
				OBJ_31 /* UICollectionView.swift in Sources */,
				OBJ_32 /* UIStoryboard.swift in Sources */,
				OBJ_33 /* UITableView.swift in Sources */,
				BBE9A9F71ECE927C0058FB8D /* UINibGettable.swift in Sources */,
				BBE9A9F51ECE92320058FB8D /* NSValueConvertable.swift in Sources */,
				OBJ_34 /* UserDefaultes.swift in Sources */,
				OBJ_35 /* StaticKey.swift in Sources */,
			);
			runOnlyForDeploymentPostprocessing = 0;
		};
		OBJ_41 /* Sources */ = {
			isa = PBXSourcesBuildPhase;
			buildActionMask = 0;
			files = (
				OBJ_42 /* AssociatedObjectTests.swift in Sources */,
				OBJ_43 /* UserDefaultesTests.swift in Sources */,
			);
			runOnlyForDeploymentPostprocessing = 0;
		};
/* End PBXSourcesBuildPhase section */

/* Begin PBXTargetDependency section */
		OBJ_46 /* PBXTargetDependency */ = {
			isa = PBXTargetDependency;
			target = OBJ_24 /* GenericID */;
			targetProxy = BBE557951EC0287000F1EC31 /* PBXContainerItemProxy */;
		};
/* End PBXTargetDependency section */

/* Begin XCBuildConfiguration section */
		OBJ_26 /* Debug */ = {
			isa = XCBuildConfiguration;
			buildSettings = {
				ENABLE_TESTABILITY = YES;
				FRAMEWORK_SEARCH_PATHS = (
					"$(inherited)",
					"$(PLATFORM_DIR)/Developer/Library/Frameworks",
				);
				HEADER_SEARCH_PATHS = "$(inherited)";
				INFOPLIST_FILE = GenericID.xcodeproj/GenericID_Info.plist;
				IPHONEOS_DEPLOYMENT_TARGET = 8.0;
				LD_RUNPATH_SEARCH_PATHS = "$(TOOLCHAIN_DIR)/usr/lib/swift/macosx";
				MACOSX_DEPLOYMENT_TARGET = 10.10;
				OTHER_LDFLAGS = "$(inherited)";
				OTHER_SWIFT_FLAGS = "$(inherited)";
				PRODUCT_BUNDLE_IDENTIFIER = ddddxxx.GenericID;
				PRODUCT_MODULE_NAME = "$(TARGET_NAME:c99extidentifier)";
				PRODUCT_NAME = "$(TARGET_NAME:c99extidentifier)";
				SKIP_INSTALL = YES;
				TARGET_NAME = GenericID;
				TVOS_DEPLOYMENT_TARGET = 9.0;
				WATCHOS_DEPLOYMENT_TARGET = 2.0;
			};
			name = Debug;
		};
		OBJ_27 /* Release */ = {
			isa = XCBuildConfiguration;
			buildSettings = {
				ENABLE_TESTABILITY = YES;
				FRAMEWORK_SEARCH_PATHS = (
					"$(inherited)",
					"$(PLATFORM_DIR)/Developer/Library/Frameworks",
				);
				HEADER_SEARCH_PATHS = "$(inherited)";
				INFOPLIST_FILE = GenericID.xcodeproj/GenericID_Info.plist;
				IPHONEOS_DEPLOYMENT_TARGET = 8.0;
				LD_RUNPATH_SEARCH_PATHS = "$(TOOLCHAIN_DIR)/usr/lib/swift/macosx";
				MACOSX_DEPLOYMENT_TARGET = 10.10;
				OTHER_LDFLAGS = "$(inherited)";
				OTHER_SWIFT_FLAGS = "$(inherited)";
				PRODUCT_BUNDLE_IDENTIFIER = ddddxxx.GenericID;
				PRODUCT_MODULE_NAME = "$(TARGET_NAME:c99extidentifier)";
				PRODUCT_NAME = "$(TARGET_NAME:c99extidentifier)";
				SKIP_INSTALL = YES;
				TARGET_NAME = GenericID;
				TVOS_DEPLOYMENT_TARGET = 9.0;
				WATCHOS_DEPLOYMENT_TARGET = 2.0;
			};
			name = Release;
		};
		OBJ_3 /* Debug */ = {
			isa = XCBuildConfiguration;
			buildSettings = {
				CLANG_ENABLE_OBJC_ARC = YES;
				COMBINE_HIDPI_IMAGES = YES;
				COPY_PHASE_STRIP = NO;
				DEBUG_INFORMATION_FORMAT = dwarf;
				DYLIB_INSTALL_NAME_BASE = "@rpath";
				ENABLE_NS_ASSERTIONS = YES;
				GCC_OPTIMIZATION_LEVEL = 0;
				MACOSX_DEPLOYMENT_TARGET = 10.10;
				ONLY_ACTIVE_ARCH = YES;
				OTHER_SWIFT_FLAGS = "-DXcode";
				PRODUCT_NAME = "$(TARGET_NAME)";
				SDKROOT = macosx;
				SUPPORTED_PLATFORMS = "macosx iphoneos iphonesimulator appletvos appletvsimulator watchos watchsimulator";
				SWIFT_ACTIVE_COMPILATION_CONDITIONS = SWIFT_PACKAGE;
				SWIFT_OPTIMIZATION_LEVEL = "-Onone";
				SWIFT_VERSION = 3.0;
				USE_HEADERMAP = NO;
			};
			name = Debug;
		};
		OBJ_39 /* Debug */ = {
			isa = XCBuildConfiguration;
			buildSettings = {
				EMBEDDED_CONTENT_CONTAINS_SWIFT = YES;
				FRAMEWORK_SEARCH_PATHS = (
					"$(inherited)",
					"$(PLATFORM_DIR)/Developer/Library/Frameworks",
				);
				HEADER_SEARCH_PATHS = "$(inherited)";
				INFOPLIST_FILE = GenericID.xcodeproj/GenericIDTests_Info.plist;
				LD_RUNPATH_SEARCH_PATHS = "@loader_path/../Frameworks @loader_path/Frameworks";
				OTHER_LDFLAGS = "$(inherited)";
				OTHER_SWIFT_FLAGS = "$(inherited)";
				TARGET_NAME = GenericIDTests;
			};
			name = Debug;
		};
		OBJ_4 /* Release */ = {
			isa = XCBuildConfiguration;
			buildSettings = {
				CLANG_ENABLE_OBJC_ARC = YES;
				COMBINE_HIDPI_IMAGES = YES;
				COPY_PHASE_STRIP = YES;
				DEBUG_INFORMATION_FORMAT = "dwarf-with-dsym";
				DYLIB_INSTALL_NAME_BASE = "@rpath";
				GCC_OPTIMIZATION_LEVEL = s;
				MACOSX_DEPLOYMENT_TARGET = 10.10;
				OTHER_SWIFT_FLAGS = "-DXcode";
				PRODUCT_NAME = "$(TARGET_NAME)";
				SDKROOT = macosx;
				SUPPORTED_PLATFORMS = "macosx iphoneos iphonesimulator appletvos appletvsimulator watchos watchsimulator";
				SWIFT_ACTIVE_COMPILATION_CONDITIONS = SWIFT_PACKAGE;
				SWIFT_OPTIMIZATION_LEVEL = "-Owholemodule";
				SWIFT_VERSION = 3.0;
				USE_HEADERMAP = NO;
			};
			name = Release;
		};
		OBJ_40 /* Release */ = {
			isa = XCBuildConfiguration;
			buildSettings = {
				EMBEDDED_CONTENT_CONTAINS_SWIFT = YES;
				FRAMEWORK_SEARCH_PATHS = (
					"$(inherited)",
					"$(PLATFORM_DIR)/Developer/Library/Frameworks",
				);
				HEADER_SEARCH_PATHS = "$(inherited)";
				INFOPLIST_FILE = GenericID.xcodeproj/GenericIDTests_Info.plist;
				LD_RUNPATH_SEARCH_PATHS = "@loader_path/../Frameworks @loader_path/Frameworks";
				OTHER_LDFLAGS = "$(inherited)";
				OTHER_SWIFT_FLAGS = "$(inherited)";
				TARGET_NAME = GenericIDTests;
			};
			name = Release;
		};
/* End XCBuildConfiguration section */

/* Begin XCConfigurationList section */
		OBJ_2 /* Build configuration list for PBXProject "GenericID" */ = {
			isa = XCConfigurationList;
			buildConfigurations = (
				OBJ_3 /* Debug */,
				OBJ_4 /* Release */,
			);
			defaultConfigurationIsVisible = 0;
			defaultConfigurationName = Debug;
		};
		OBJ_25 /* Build configuration list for PBXNativeTarget "GenericID" */ = {
			isa = XCConfigurationList;
			buildConfigurations = (
				OBJ_26 /* Debug */,
				OBJ_27 /* Release */,
			);
			defaultConfigurationIsVisible = 0;
			defaultConfigurationName = Debug;
		};
		OBJ_38 /* Build configuration list for PBXNativeTarget "GenericIDTests" */ = {
			isa = XCConfigurationList;
			buildConfigurations = (
				OBJ_39 /* Debug */,
				OBJ_40 /* Release */,
			);
			defaultConfigurationIsVisible = 0;
			defaultConfigurationName = Debug;
		};
/* End XCConfigurationList section */
	};
	rootObject = OBJ_1 /* Project object */;
}
